
Microsoft Visual Studio Solution File, Format Version 12.00
# Visual Studio Version 16
VisualStudioVersion = 16.0.32126.315
MinimumVisualStudioVersion = 10.0.40219.1
Project("{FAE04EC0-301F-11D3-BF4B-00C04F79EFBC}") = "WpfLab18_1", "WpfLab18_1\WpfLab18_1.csproj", "{131C906A-A7A0-4C73-AAC2-5B94C07E63E4}"
EndProject
Global
	GlobalSection(SolutionConfigurationPlatforms) = preSolution
		Debug|Any CPU = Debug|Any CPU
		Release|Any CPU = Release|Any CPU
	EndGlobalSection
	GlobalSection(ProjectConfigurationPlatforms) = postSolution
		{131C906A-A7A0-4C73-AAC2-5B94C07E63E4}.Debug|Any CPU.ActiveCfg = Debug|Any CPU
		{131C906A-A7A0-4C73-AAC2-5B94C07E63E4}.Debug|Any CPU.Build.0 = Debug|Any CPU
		{131C906A-A7A0-4C73-AAC2-5B94C07E63E4}.Release|Any CPU.ActiveCfg = Release|Any CPU
		{131C906A-A7A0-4C73-AAC2-5B94C07E63E4}.Release|Any CPU.Build.0 = Release|Any CPU
	EndGlobalSection
	GlobalSection(SolutionProperties) = preSolution
		HideSolutionNode = FALSE
	EndGlobalSection
	GlobalSection(ExtensibilityGlobals) = postSolution
		SolutionGuid = {512A6D2A-A83D-4335-8FF0-9B626F458178}
	EndGlobalSection
EndGlobal
